// !$*UTF8*$!
{
	archiveVersion = 1;
	classes = {
	};
	objectVersion = 46;
	objects = {

/* Begin PBXBuildFile section */
		8E0208A71AC2A8B300FE7EC5 /* Caliper.m in Sources */ = {isa = PBXBuildFile; fileRef = 8E0208A61AC2A8B300FE7EC5 /* Caliper.m */; };
		8E14235E1AB5F16A00CC15BC /* main.m in Sources */ = {isa = PBXBuildFile; fileRef = 8E14235D1AB5F16A00CC15BC /* main.m */; };
		8E1423611AB5F16A00CC15BC /* AppDelegate.m in Sources */ = {isa = PBXBuildFile; fileRef = 8E1423601AB5F16A00CC15BC /* AppDelegate.m */; };
		8E1423641AB5F16A00CC15BC /* EPSMainViewController.m in Sources */ = {isa = PBXBuildFile; fileRef = 8E1423631AB5F16A00CC15BC /* EPSMainViewController.m */; };
		8E1423671AB5F16A00CC15BC /* Main.storyboard in Resources */ = {isa = PBXBuildFile; fileRef = 8E1423651AB5F16A00CC15BC /* Main.storyboard */; };
		8E1423691AB5F16A00CC15BC /* Images.xcassets in Resources */ = {isa = PBXBuildFile; fileRef = 8E1423681AB5F16A00CC15BC /* Images.xcassets */; };
		8E14236C1AB5F16A00CC15BC /* LaunchScreen.xib in Resources */ = {isa = PBXBuildFile; fileRef = 8E14236A1AB5F16A00CC15BC /* LaunchScreen.xib */; };
		8E1423781AB5F16A00CC15BC /* EP_CalipersTests.m in Sources */ = {isa = PBXBuildFile; fileRef = 8E1423771AB5F16A00CC15BC /* EP_CalipersTests.m */; };
		8E9A333A1AC09DE90037E694 /* CalipersView.m in Sources */ = {isa = PBXBuildFile; fileRef = 8E9A33391AC09DE90037E694 /* CalipersView.m */; };
		8E9A333C1AC1EFEE0037E694 /* Normal 12_Lead ECG.jpg in Resources */ = {isa = PBXBuildFile; fileRef = 8E9A333B1AC1EFEE0037E694 /* Normal 12_Lead ECG.jpg */; };
		8EB3DE361AC5B12A009376AD /* Caliper.m in Sources */ = {isa = PBXBuildFile; fileRef = 8E0208A61AC2A8B300FE7EC5 /* Caliper.m */; };
		8EB3DE391AC603A3009376AD /* Calibration.m in Sources */ = {isa = PBXBuildFile; fileRef = 8EB3DE381AC603A3009376AD /* Calibration.m */; };
		8EB3DE3A1AC603A3009376AD /* Calibration.m in Sources */ = {isa = PBXBuildFile; fileRef = 8EB3DE381AC603A3009376AD /* Calibration.m */; };
		8EB3DE3E1AC616C0009376AD /* Settings.m in Sources */ = {isa = PBXBuildFile; fileRef = 8EB3DE3D1AC616C0009376AD /* Settings.m */; };
		8EB3DE3F1AC616C0009376AD /* Settings.m in Sources */ = {isa = PBXBuildFile; fileRef = 8EB3DE3D1AC616C0009376AD /* Settings.m */; };
/* End PBXBuildFile section */

/* Begin PBXContainerItemProxy section */
		8E1423721AB5F16A00CC15BC /* PBXContainerItemProxy */ = {
			isa = PBXContainerItemProxy;
			containerPortal = 8E1423501AB5F16A00CC15BC /* Project object */;
			proxyType = 1;
			remoteGlobalIDString = 8E1423571AB5F16A00CC15BC;
			remoteInfo = "EP Calipers";
		};
/* End PBXContainerItemProxy section */

/* Begin PBXFileReference section */
		8E0208A51AC2A8B300FE7EC5 /* Caliper.h */ = {isa = PBXFileReference; fileEncoding = 4; lastKnownFileType = sourcecode.c.h; path = Caliper.h; sourceTree = "<group>"; };
		8E0208A61AC2A8B300FE7EC5 /* Caliper.m */ = {isa = PBXFileReference; fileEncoding = 4; lastKnownFileType = sourcecode.c.objc; path = Caliper.m; sourceTree = "<group>"; };
		8E1423581AB5F16A00CC15BC /* EP Calipers.app */ = {isa = PBXFileReference; explicitFileType = wrapper.application; includeInIndex = 0; path = "EP Calipers.app"; sourceTree = BUILT_PRODUCTS_DIR; };
		8E14235C1AB5F16A00CC15BC /* Info.plist */ = {isa = PBXFileReference; lastKnownFileType = text.plist.xml; path = Info.plist; sourceTree = "<group>"; };
		8E14235D1AB5F16A00CC15BC /* main.m */ = {isa = PBXFileReference; lastKnownFileType = sourcecode.c.objc; path = main.m; sourceTree = "<group>"; };
		8E14235F1AB5F16A00CC15BC /* AppDelegate.h */ = {isa = PBXFileReference; lastKnownFileType = sourcecode.c.h; path = AppDelegate.h; sourceTree = "<group>"; };
		8E1423601AB5F16A00CC15BC /* AppDelegate.m */ = {isa = PBXFileReference; lastKnownFileType = sourcecode.c.objc; path = AppDelegate.m; sourceTree = "<group>"; };
		8E1423621AB5F16A00CC15BC /* EPSMainViewController.h */ = {isa = PBXFileReference; lastKnownFileType = sourcecode.c.h; path = EPSMainViewController.h; sourceTree = "<group>"; };
		8E1423631AB5F16A00CC15BC /* EPSMainViewController.m */ = {isa = PBXFileReference; lastKnownFileType = sourcecode.c.objc; path = EPSMainViewController.m; sourceTree = "<group>"; };
		8E1423661AB5F16A00CC15BC /* Base */ = {isa = PBXFileReference; lastKnownFileType = file.storyboard; name = Base; path = Base.lproj/Main.storyboard; sourceTree = "<group>"; };
		8E1423681AB5F16A00CC15BC /* Images.xcassets */ = {isa = PBXFileReference; lastKnownFileType = folder.assetcatalog; path = Images.xcassets; sourceTree = "<group>"; };
		8E14236B1AB5F16A00CC15BC /* Base */ = {isa = PBXFileReference; lastKnownFileType = file.xib; name = Base; path = Base.lproj/LaunchScreen.xib; sourceTree = "<group>"; };
		8E1423711AB5F16A00CC15BC /* EP CalipersTests.xctest */ = {isa = PBXFileReference; explicitFileType = wrapper.cfbundle; includeInIndex = 0; path = "EP CalipersTests.xctest"; sourceTree = BUILT_PRODUCTS_DIR; };
		8E1423761AB5F16A00CC15BC /* Info.plist */ = {isa = PBXFileReference; lastKnownFileType = text.plist.xml; path = Info.plist; sourceTree = "<group>"; };
		8E1423771AB5F16A00CC15BC /* EP_CalipersTests.m */ = {isa = PBXFileReference; lastKnownFileType = sourcecode.c.objc; path = EP_CalipersTests.m; sourceTree = "<group>"; };
		8E9A33381AC09DE90037E694 /* CalipersView.h */ = {isa = PBXFileReference; fileEncoding = 4; lastKnownFileType = sourcecode.c.h; path = CalipersView.h; sourceTree = "<group>"; };
		8E9A33391AC09DE90037E694 /* CalipersView.m */ = {isa = PBXFileReference; fileEncoding = 4; lastKnownFileType = sourcecode.c.objc; path = CalipersView.m; sourceTree = "<group>"; };
		8E9A333B1AC1EFEE0037E694 /* Normal 12_Lead ECG.jpg */ = {isa = PBXFileReference; lastKnownFileType = image.jpeg; path = "Normal 12_Lead ECG.jpg"; sourceTree = "<group>"; };
		8EB3DE351AC344CC009376AD /* EPSLogging.h */ = {isa = PBXFileReference; fileEncoding = 4; lastKnownFileType = sourcecode.c.h; path = EPSLogging.h; sourceTree = "<group>"; };
		8EB3DE371AC603A3009376AD /* Calibration.h */ = {isa = PBXFileReference; fileEncoding = 4; lastKnownFileType = sourcecode.c.h; path = Calibration.h; sourceTree = "<group>"; };
		8EB3DE381AC603A3009376AD /* Calibration.m */ = {isa = PBXFileReference; fileEncoding = 4; lastKnownFileType = sourcecode.c.objc; path = Calibration.m; sourceTree = "<group>"; };
		8EB3DE3B1AC604FB009376AD /* Defs.h */ = {isa = PBXFileReference; fileEncoding = 4; lastKnownFileType = sourcecode.c.h; path = Defs.h; sourceTree = "<group>"; };
		8EB3DE3C1AC616C0009376AD /* Settings.h */ = {isa = PBXFileReference; fileEncoding = 4; lastKnownFileType = sourcecode.c.h; path = Settings.h; sourceTree = "<group>"; };
		8EB3DE3D1AC616C0009376AD /* Settings.m */ = {isa = PBXFileReference; fileEncoding = 4; lastKnownFileType = sourcecode.c.objc; path = Settings.m; sourceTree = "<group>"; };
/* End PBXFileReference section */

/* Begin PBXFrameworksBuildPhase section */
		8E1423551AB5F16A00CC15BC /* Frameworks */ = {
			isa = PBXFrameworksBuildPhase;
			buildActionMask = 2147483647;
			files = (
			);
			runOnlyForDeploymentPostprocessing = 0;
		};
		8E14236E1AB5F16A00CC15BC /* Frameworks */ = {
			isa = PBXFrameworksBuildPhase;
			buildActionMask = 2147483647;
			files = (
			);
			runOnlyForDeploymentPostprocessing = 0;
		};
/* End PBXFrameworksBuildPhase section */

/* Begin PBXGroup section */
		8E14234F1AB5F16A00CC15BC = {
			isa = PBXGroup;
			children = (
				8E14235A1AB5F16A00CC15BC /* EP Calipers */,
				8E1423741AB5F16A00CC15BC /* EP CalipersTests */,
				8E1423591AB5F16A00CC15BC /* Products */,
			);
			sourceTree = "<group>";
		};
		8E1423591AB5F16A00CC15BC /* Products */ = {
			isa = PBXGroup;
			children = (
				8E1423581AB5F16A00CC15BC /* EP Calipers.app */,
				8E1423711AB5F16A00CC15BC /* EP CalipersTests.xctest */,
			);
			name = Products;
			sourceTree = "<group>";
		};
		8E14235A1AB5F16A00CC15BC /* EP Calipers */ = {
			isa = PBXGroup;
			children = (
				8EB3DE351AC344CC009376AD /* EPSLogging.h */,
				8E9A333B1AC1EFEE0037E694 /* Normal 12_Lead ECG.jpg */,
				8E14235F1AB5F16A00CC15BC /* AppDelegate.h */,
				8E1423601AB5F16A00CC15BC /* AppDelegate.m */,
				8E1423621AB5F16A00CC15BC /* EPSMainViewController.h */,
				8E1423631AB5F16A00CC15BC /* EPSMainViewController.m */,
				8E1423651AB5F16A00CC15BC /* Main.storyboard */,
				8E1423681AB5F16A00CC15BC /* Images.xcassets */,
				8E14236A1AB5F16A00CC15BC /* LaunchScreen.xib */,
				8E9A33381AC09DE90037E694 /* CalipersView.h */,
				8E9A33391AC09DE90037E694 /* CalipersView.m */,
				8E0208A51AC2A8B300FE7EC5 /* Caliper.h */,
				8E0208A61AC2A8B300FE7EC5 /* Caliper.m */,
				8EB3DE371AC603A3009376AD /* Calibration.h */,
				8EB3DE381AC603A3009376AD /* Calibration.m */,
				8EB3DE3B1AC604FB009376AD /* Defs.h */,
				8EB3DE3C1AC616C0009376AD /* Settings.h */,
				8EB3DE3D1AC616C0009376AD /* Settings.m */,
				8E14235B1AB5F16A00CC15BC /* Supporting Files */,
			);
			path = "EP Calipers";
			sourceTree = "<group>";
		};
		8E14235B1AB5F16A00CC15BC /* Supporting Files */ = {
			isa = PBXGroup;
			children = (
				8E14235C1AB5F16A00CC15BC /* Info.plist */,
				8E14235D1AB5F16A00CC15BC /* main.m */,
			);
			name = "Supporting Files";
			sourceTree = "<group>";
		};
		8E1423741AB5F16A00CC15BC /* EP CalipersTests */ = {
			isa = PBXGroup;
			children = (
				8E1423771AB5F16A00CC15BC /* EP_CalipersTests.m */,
				8E1423751AB5F16A00CC15BC /* Supporting Files */,
			);
			path = "EP CalipersTests";
			sourceTree = "<group>";
		};
		8E1423751AB5F16A00CC15BC /* Supporting Files */ = {
			isa = PBXGroup;
			children = (
				8E1423761AB5F16A00CC15BC /* Info.plist */,
			);
			name = "Supporting Files";
			sourceTree = "<group>";
		};
/* End PBXGroup section */

/* Begin PBXNativeTarget section */
		8E1423571AB5F16A00CC15BC /* EP Calipers */ = {
			isa = PBXNativeTarget;
			buildConfigurationList = 8E14237B1AB5F16A00CC15BC /* Build configuration list for PBXNativeTarget "EP Calipers" */;
			buildPhases = (
				8E1423541AB5F16A00CC15BC /* Sources */,
				8E1423551AB5F16A00CC15BC /* Frameworks */,
				8E1423561AB5F16A00CC15BC /* Resources */,
			);
			buildRules = (
			);
			dependencies = (
			);
			name = "EP Calipers";
			productName = "EP Calipers";
			productReference = 8E1423581AB5F16A00CC15BC /* EP Calipers.app */;
			productType = "com.apple.product-type.application";
		};
		8E1423701AB5F16A00CC15BC /* EP CalipersTests */ = {
			isa = PBXNativeTarget;
			buildConfigurationList = 8E14237E1AB5F16A00CC15BC /* Build configuration list for PBXNativeTarget "EP CalipersTests" */;
			buildPhases = (
				8E14236D1AB5F16A00CC15BC /* Sources */,
				8E14236E1AB5F16A00CC15BC /* Frameworks */,
				8E14236F1AB5F16A00CC15BC /* Resources */,
			);
			buildRules = (
			);
			dependencies = (
				8E1423731AB5F16A00CC15BC /* PBXTargetDependency */,
			);
			name = "EP CalipersTests";
			productName = "EP CalipersTests";
			productReference = 8E1423711AB5F16A00CC15BC /* EP CalipersTests.xctest */;
			productType = "com.apple.product-type.bundle.unit-test";
		};
/* End PBXNativeTarget section */

/* Begin PBXProject section */
		8E1423501AB5F16A00CC15BC /* Project object */ = {
			isa = PBXProject;
			attributes = {
				LastUpgradeCheck = 0620;
				ORGANIZATIONNAME = "EP Studios";
				TargetAttributes = {
					8E1423571AB5F16A00CC15BC = {
						CreatedOnToolsVersion = 6.2;
						DevelopmentTeam = W74NPJXYEG;
					};
					8E1423701AB5F16A00CC15BC = {
						CreatedOnToolsVersion = 6.2;
						DevelopmentTeam = W74NPJXYEG;
						TestTargetID = 8E1423571AB5F16A00CC15BC;
					};
				};
			};
			buildConfigurationList = 8E1423531AB5F16A00CC15BC /* Build configuration list for PBXProject "EP Calipers" */;
			compatibilityVersion = "Xcode 3.2";
			developmentRegion = English;
			hasScannedForEncodings = 0;
			knownRegions = (
				en,
				Base,
			);
			mainGroup = 8E14234F1AB5F16A00CC15BC;
			productRefGroup = 8E1423591AB5F16A00CC15BC /* Products */;
			projectDirPath = "";
			projectRoot = "";
			targets = (
				8E1423571AB5F16A00CC15BC /* EP Calipers */,
				8E1423701AB5F16A00CC15BC /* EP CalipersTests */,
			);
		};
/* End PBXProject section */

/* Begin PBXResourcesBuildPhase section */
		8E1423561AB5F16A00CC15BC /* Resources */ = {
			isa = PBXResourcesBuildPhase;
			buildActionMask = 2147483647;
			files = (
				8E1423671AB5F16A00CC15BC /* Main.storyboard in Resources */,
				8E14236C1AB5F16A00CC15BC /* LaunchScreen.xib in Resources */,
				8E1423691AB5F16A00CC15BC /* Images.xcassets in Resources */,
				8E9A333C1AC1EFEE0037E694 /* Normal 12_Lead ECG.jpg in Resources */,
			);
			runOnlyForDeploymentPostprocessing = 0;
		};
		8E14236F1AB5F16A00CC15BC /* Resources */ = {
			isa = PBXResourcesBuildPhase;
			buildActionMask = 2147483647;
			files = (
			);
			runOnlyForDeploymentPostprocessing = 0;
		};
/* End PBXResourcesBuildPhase section */

/* Begin PBXSourcesBuildPhase section */
		8E1423541AB5F16A00CC15BC /* Sources */ = {
			isa = PBXSourcesBuildPhase;
			buildActionMask = 2147483647;
			files = (
				8E1423641AB5F16A00CC15BC /* EPSMainViewController.m in Sources */,
				8E1423611AB5F16A00CC15BC /* AppDelegate.m in Sources */,
				8E0208A71AC2A8B300FE7EC5 /* Caliper.m in Sources */,
				8E14235E1AB5F16A00CC15BC /* main.m in Sources */,
				8EB3DE391AC603A3009376AD /* Calibration.m in Sources */,
				8E9A333A1AC09DE90037E694 /* CalipersView.m in Sources */,
				8EB3DE3E1AC616C0009376AD /* Settings.m in Sources */,
			);
			runOnlyForDeploymentPostprocessing = 0;
		};
		8E14236D1AB5F16A00CC15BC /* Sources */ = {
			isa = PBXSourcesBuildPhase;
			buildActionMask = 2147483647;
			files = (
				8EB3DE361AC5B12A009376AD /* Caliper.m in Sources */,
				8EB3DE3A1AC603A3009376AD /* Calibration.m in Sources */,
				8EB3DE3F1AC616C0009376AD /* Settings.m in Sources */,
				8E1423781AB5F16A00CC15BC /* EP_CalipersTests.m in Sources */,
			);
			runOnlyForDeploymentPostprocessing = 0;
		};
/* End PBXSourcesBuildPhase section */

/* Begin PBXTargetDependency section */
		8E1423731AB5F16A00CC15BC /* PBXTargetDependency */ = {
			isa = PBXTargetDependency;
			target = 8E1423571AB5F16A00CC15BC /* EP Calipers */;
			targetProxy = 8E1423721AB5F16A00CC15BC /* PBXContainerItemProxy */;
		};
/* End PBXTargetDependency section */

/* Begin PBXVariantGroup section */
		8E1423651AB5F16A00CC15BC /* Main.storyboard */ = {
			isa = PBXVariantGroup;
			children = (
				8E1423661AB5F16A00CC15BC /* Base */,
			);
			name = Main.storyboard;
			sourceTree = "<group>";
		};
		8E14236A1AB5F16A00CC15BC /* LaunchScreen.xib */ = {
			isa = PBXVariantGroup;
			children = (
				8E14236B1AB5F16A00CC15BC /* Base */,
			);
			name = LaunchScreen.xib;
			sourceTree = "<group>";
		};
/* End PBXVariantGroup section */

/* Begin XCBuildConfiguration section */
		8E1423791AB5F16A00CC15BC /* Debug */ = {
			isa = XCBuildConfiguration;
			buildSettings = {
				ALWAYS_SEARCH_USER_PATHS = NO;
				CLANG_CXX_LANGUAGE_STANDARD = "gnu++0x";
				CLANG_CXX_LIBRARY = "libc++";
				CLANG_ENABLE_MODULES = YES;
				CLANG_ENABLE_OBJC_ARC = YES;
				CLANG_WARN_BOOL_CONVERSION = YES;
				CLANG_WARN_CONSTANT_CONVERSION = YES;
				CLANG_WARN_DIRECT_OBJC_ISA_USAGE = YES_ERROR;
				CLANG_WARN_EMPTY_BODY = YES;
				CLANG_WARN_ENUM_CONVERSION = YES;
				CLANG_WARN_INT_CONVERSION = YES;
				CLANG_WARN_OBJC_ROOT_CLASS = YES_ERROR;
				CLANG_WARN_UNREACHABLE_CODE = YES;
				CLANG_WARN__DUPLICATE_METHOD_MATCH = YES;
				"CODE_SIGN_IDENTITY[sdk=iphoneos*]" = "iPhone Developer";
				COPY_PHASE_STRIP = NO;
				ENABLE_STRICT_OBJC_MSGSEND = YES;
				GCC_C_LANGUAGE_STANDARD = gnu99;
				GCC_DYNAMIC_NO_PIC = NO;
				GCC_OPTIMIZATION_LEVEL = 0;
				GCC_PREPROCESSOR_DEFINITIONS = (
					"DEBUG=1",
					"$(inherited)",
				);
				GCC_SYMBOLS_PRIVATE_EXTERN = NO;
				GCC_WARN_64_TO_32_BIT_CONVERSION = YES;
				GCC_WARN_ABOUT_RETURN_TYPE = YES_ERROR;
				GCC_WARN_UNDECLARED_SELECTOR = YES;
				GCC_WARN_UNINITIALIZED_AUTOS = YES_AGGRESSIVE;
				GCC_WARN_UNUSED_FUNCTION = YES;
				GCC_WARN_UNUSED_VARIABLE = YES;
				IPHONEOS_DEPLOYMENT_TARGET = 8.2;
				MTL_ENABLE_DEBUG_INFO = YES;
				ONLY_ACTIVE_ARCH = YES;
				SDKROOT = iphoneos;
				TARGETED_DEVICE_FAMILY = "1,2";
			};
			name = Debug;
		};
		8E14237A1AB5F16A00CC15BC /* Release */ = {
			isa = XCBuildConfiguration;
			buildSettings = {
				ALWAYS_SEARCH_USER_PATHS = NO;
				CLANG_CXX_LANGUAGE_STANDARD = "gnu++0x";
				CLANG_CXX_LIBRARY = "libc++";
				CLANG_ENABLE_MODULES = YES;
				CLANG_ENABLE_OBJC_ARC = YES;
				CLANG_WARN_BOOL_CONVERSION = YES;
				CLANG_WARN_CONSTANT_CONVERSION = YES;
				CLANG_WARN_DIRECT_OBJC_ISA_USAGE = YES_ERROR;
				CLANG_WARN_EMPTY_BODY = YES;
				CLANG_WARN_ENUM_CONVERSION = YES;
				CLANG_WARN_INT_CONVERSION = YES;
				CLANG_WARN_OBJC_ROOT_CLASS = YES_ERROR;
				CLANG_WARN_UNREACHABLE_CODE = YES;
				CLANG_WARN__DUPLICATE_METHOD_MATCH = YES;
				"CODE_SIGN_IDENTITY[sdk=iphoneos*]" = "iPhone Developer";
				COPY_PHASE_STRIP = NO;
				ENABLE_NS_ASSERTIONS = NO;
				ENABLE_STRICT_OBJC_MSGSEND = YES;
				GCC_C_LANGUAGE_STANDARD = gnu99;
				GCC_WARN_64_TO_32_BIT_CONVERSION = YES;
				GCC_WARN_ABOUT_RETURN_TYPE = YES_ERROR;
				GCC_WARN_UNDECLARED_SELECTOR = YES;
				GCC_WARN_UNINITIALIZED_AUTOS = YES_AGGRESSIVE;
				GCC_WARN_UNUSED_FUNCTION = YES;
				GCC_WARN_UNUSED_VARIABLE = YES;
				IPHONEOS_DEPLOYMENT_TARGET = 8.2;
				MTL_ENABLE_DEBUG_INFO = NO;
				SDKROOT = iphoneos;
				TARGETED_DEVICE_FAMILY = "1,2";
				VALIDATE_PRODUCT = YES;
			};
			name = Release;
		};
		8E14237C1AB5F16A00CC15BC /* Debug */ = {
			isa = XCBuildConfiguration;
			buildSettings = {
				ASSETCATALOG_COMPILER_APPICON_NAME = AppIcon;
				INFOPLIST_FILE = "EP Calipers/Info.plist";
				IPHONEOS_DEPLOYMENT_TARGET = 8.1;
				LD_RUNPATH_SEARCH_PATHS = "$(inherited) @executable_path/Frameworks";
				PRODUCT_NAME = "$(TARGET_NAME)";
			};
			name = Debug;
		};
		8E14237D1AB5F16A00CC15BC /* Release */ = {
			isa = XCBuildConfiguration;
			buildSettings = {
				ASSETCATALOG_COMPILER_APPICON_NAME = AppIcon;
				INFOPLIST_FILE = "EP Calipers/Info.plist";
				IPHONEOS_DEPLOYMENT_TARGET = 8.1;
				LD_RUNPATH_SEARCH_PATHS = "$(inherited) @executable_path/Frameworks";
				PRODUCT_NAME = "$(TARGET_NAME)";
			};
			name = Release;
		};
		8E14237F1AB5F16A00CC15BC /* Debug */ = {
			isa = XCBuildConfiguration;
			buildSettings = {
				BUNDLE_LOADER = "$(TEST_HOST)";
				CODE_SIGN_IDENTITY = "iPhone Developer";
				"CODE_SIGN_IDENTITY[sdk=iphoneos*]" = "iPhone Developer";
				FRAMEWORK_SEARCH_PATHS = (
					"$(SDKROOT)/Developer/Library/Frameworks",
					"$(inherited)",
				);
				GCC_PREPROCESSOR_DEFINITIONS = (
					"DEBUG=1",
					"$(inherited)",
				);
				INFOPLIST_FILE = "EP CalipersTests/Info.plist";
				LD_RUNPATH_SEARCH_PATHS = "$(inherited) @executable_path/Frameworks @loader_path/Frameworks";
				PRODUCT_NAME = "$(TARGET_NAME)";
				PROVISIONING_PROFILE = "";
				TEST_HOST = "$(BUILT_PRODUCTS_DIR)/EP Calipers.app/EP Calipers";
			};
			name = Debug;
		};
		8E1423801AB5F16A00CC15BC /* Release */ = {
			isa = XCBuildConfiguration;
			buildSettings = {
				BUNDLE_LOADER = "$(TEST_HOST)";
				CODE_SIGN_IDENTITY = "iPhone Developer";
				"CODE_SIGN_IDENTITY[sdk=iphoneos*]" = "iPhone Developer";
				FRAMEWORK_SEARCH_PATHS = (
					"$(SDKROOT)/Developer/Library/Frameworks",
					"$(inherited)",
				);
				INFOPLIST_FILE = "EP CalipersTests/Info.plist";
				LD_RUNPATH_SEARCH_PATHS = "$(inherited) @executable_path/Frameworks @loader_path/Frameworks";
				PRODUCT_NAME = "$(TARGET_NAME)";
				PROVISIONING_PROFILE = "";
				TEST_HOST = "$(BUILT_PRODUCTS_DIR)/EP Calipers.app/EP Calipers";
			};
			name = Release;
		};
/* End XCBuildConfiguration section */

/* Begin XCConfigurationList section */
		8E1423531AB5F16A00CC15BC /* Build configuration list for PBXProject "EP Calipers" */ = {
			isa = XCConfigurationList;
			buildConfigurations = (
				8E1423791AB5F16A00CC15BC /* Debug */,
				8E14237A1AB5F16A00CC15BC /* Release */,
			);
			defaultConfigurationIsVisible = 0;
			defaultConfigurationName = Release;
		};
		8E14237B1AB5F16A00CC15BC /* Build configuration list for PBXNativeTarget "EP Calipers" */ = {
			isa = XCConfigurationList;
			buildConfigurations = (
				8E14237C1AB5F16A00CC15BC /* Debug */,
				8E14237D1AB5F16A00CC15BC /* Release */,
			);
			defaultConfigurationIsVisible = 0;
			defaultConfigurationName = Release;
		};
		8E14237E1AB5F16A00CC15BC /* Build configuration list for PBXNativeTarget "EP CalipersTests" */ = {
			isa = XCConfigurationList;
			buildConfigurations = (
				8E14237F1AB5F16A00CC15BC /* Debug */,
				8E1423801AB5F16A00CC15BC /* Release */,
			);
			defaultConfigurationIsVisible = 0;
			defaultConfigurationName = Release;
		};
/* End XCConfigurationList section */
	};
	rootObject = 8E1423501AB5F16A00CC15BC /* Project object */;
}
