PODS:
  - CMPopTipView (2.3.2)

DEPENDENCIES:
  - CMPopTipView (~> 2.3)

SPEC REPOS:
  https://github.com/cocoapods/specs.git:
    - CMPopTipView

SPEC CHECKSUMS:
  CMPopTipView: 2d56ef53e8e739c4e63ad97a5a88b97712b46c7b

PODFILE CHECKSUM: 28d35ea9c9fd7a7722fe36d77a9666ea8bd43212

COCOAPODS: 1.6.0.beta.2
